
Microsoft Visual Studio Solution File, Format Version 12.00
# Visual Studio 15
VisualStudioVersion = 15.0.28306.52
MinimumVisualStudioVersion = 10.0.40219.1
Project("{FAE04EC0-301F-11D3-BF4B-00C04F79EFBC}") = "BabyHawkHelperServer", "BabyHawkHelperServer\BabyHawkHelperServer.csproj", "{0AD51AE8-F564-430A-B870-F1B40BDC3176}"
EndProject
Global
	GlobalSection(SolutionConfigurationPlatforms) = preSolution
		Debug|Any CPU = Debug|Any CPU
		Release|Any CPU = Release|Any CPU
	EndGlobalSection
	GlobalSection(ProjectConfigurationPlatforms) = postSolution
		{0AD51AE8-F564-430A-B870-F1B40BDC3176}.Debug|Any CPU.ActiveCfg = Debug|Any CPU
		{0AD51AE8-F564-430A-B870-F1B40BDC3176}.Debug|Any CPU.Build.0 = Debug|Any CPU
		{0AD51AE8-F564-430A-B870-F1B40BDC3176}.Release|Any CPU.ActiveCfg = Release|Any CPU
		{0AD51AE8-F564-430A-B870-F1B40BDC3176}.Release|Any CPU.Build.0 = Release|Any CPU
	EndGlobalSection
	GlobalSection(SolutionProperties) = preSolution
		HideSolutionNode = FALSE
	EndGlobalSection
	GlobalSection(ExtensibilityGlobals) = postSolution
		SolutionGuid = {AF292160-9D27-486F-A028-95D1328221DD}
	EndGlobalSection
EndGlobal
